// !$*UTF8*$!
{
	archiveVersion = 1;
	classes = {
	};
	objectVersion = 50;
	objects = {

/* Begin PBXBuildFile section */
		5707462621BEE6CC005A925C /* Corner.swift in Sources */ = {isa = PBXBuildFile; fileRef = 5707462521BEE6CC005A925C /* Corner.swift */; };
		571246DF21BAA0BD00C932DA /* Font.swift in Sources */ = {isa = PBXBuildFile; fileRef = 571246DE21BAA0BD00C932DA /* Font.swift */; };
		571DAC7321BE9C9F00BC8E2E /* FlatButton.swift in Sources */ = {isa = PBXBuildFile; fileRef = 571DAC6E21BE9C9F00BC8E2E /* FlatButton.swift */; };
		571DAC7621BE9C9F00BC8E2E /* DottedButton.swift in Sources */ = {isa = PBXBuildFile; fileRef = 571DAC7121BE9C9F00BC8E2E /* DottedButton.swift */; };
		571DAC7721BE9C9F00BC8E2E /* GhostButton.swift in Sources */ = {isa = PBXBuildFile; fileRef = 571DAC7221BE9C9F00BC8E2E /* GhostButton.swift */; };
		57BFC91621CD3F94007A8B9E /* CardView.swift in Sources */ = {isa = PBXBuildFile; fileRef = 57BFC8ED21CD3F94007A8B9E /* CardView.swift */; };
		57BFC91721CD3F94007A8B9E /* Card7.xib in Resources */ = {isa = PBXBuildFile; fileRef = 57BFC8EF21CD3F94007A8B9E /* Card7.xib */; };
		57BFC91821CD3F94007A8B9E /* Card7.swift in Sources */ = {isa = PBXBuildFile; fileRef = 57BFC8F021CD3F94007A8B9E /* Card7.swift */; };
		57BFC91921CD3F94007A8B9E /* Card9.xib in Resources */ = {isa = PBXBuildFile; fileRef = 57BFC8F221CD3F94007A8B9E /* Card9.xib */; };
		57BFC91A21CD3F94007A8B9E /* Card9.swift in Sources */ = {isa = PBXBuildFile; fileRef = 57BFC8F321CD3F94007A8B9E /* Card9.swift */; };
		57BFC91B21CD3F94007A8B9E /* Card8.xib in Resources */ = {isa = PBXBuildFile; fileRef = 57BFC8F521CD3F94007A8B9E /* Card8.xib */; };
		57BFC91C21CD3F94007A8B9E /* Card8.swift in Sources */ = {isa = PBXBuildFile; fileRef = 57BFC8F621CD3F94007A8B9E /* Card8.swift */; };
		57BFC91D21CD3F94007A8B9E /* Card6.swift in Sources */ = {isa = PBXBuildFile; fileRef = 57BFC8F821CD3F94007A8B9E /* Card6.swift */; };
		57BFC91E21CD3F94007A8B9E /* Card6.xib in Resources */ = {isa = PBXBuildFile; fileRef = 57BFC8F921CD3F94007A8B9E /* Card6.xib */; };
		57BFC91F21CD3F94007A8B9E /* Card11.xib in Resources */ = {isa = PBXBuildFile; fileRef = 57BFC8FB21CD3F94007A8B9E /* Card11.xib */; };
		57BFC92021CD3F94007A8B9E /* Card11.swift in Sources */ = {isa = PBXBuildFile; fileRef = 57BFC8FC21CD3F94007A8B9E /* Card11.swift */; };
		57BFC92121CD3F94007A8B9E /* Card10.xib in Resources */ = {isa = PBXBuildFile; fileRef = 57BFC8FE21CD3F94007A8B9E /* Card10.xib */; };
		57BFC92221CD3F94007A8B9E /* Card10.swift in Sources */ = {isa = PBXBuildFile; fileRef = 57BFC8FF21CD3F94007A8B9E /* Card10.swift */; };
		57BFC92321CD3F94007A8B9E /* Card4.swift in Sources */ = {isa = PBXBuildFile; fileRef = 57BFC90121CD3F94007A8B9E /* Card4.swift */; };
		57BFC92421CD3F94007A8B9E /* Card4.xib in Resources */ = {isa = PBXBuildFile; fileRef = 57BFC90221CD3F94007A8B9E /* Card4.xib */; };
		57BFC92521CD3F94007A8B9E /* Card3.swift in Sources */ = {isa = PBXBuildFile; fileRef = 57BFC90421CD3F94007A8B9E /* Card3.swift */; };
		57BFC92621CD3F94007A8B9E /* Card3.xib in Resources */ = {isa = PBXBuildFile; fileRef = 57BFC90521CD3F94007A8B9E /* Card3.xib */; };
		57BFC92721CD3F94007A8B9E /* Card2.swift in Sources */ = {isa = PBXBuildFile; fileRef = 57BFC90721CD3F94007A8B9E /* Card2.swift */; };
		57BFC92821CD3F94007A8B9E /* Card2.xib in Resources */ = {isa = PBXBuildFile; fileRef = 57BFC90821CD3F94007A8B9E /* Card2.xib */; };
		57BFC92921CD3F94007A8B9E /* Card5.swift in Sources */ = {isa = PBXBuildFile; fileRef = 57BFC90A21CD3F94007A8B9E /* Card5.swift */; };
		57BFC92A21CD3F94007A8B9E /* Card5.xib in Resources */ = {isa = PBXBuildFile; fileRef = 57BFC90B21CD3F94007A8B9E /* Card5.xib */; };
		57BFC92B21CD3F94007A8B9E /* Card12.xib in Resources */ = {isa = PBXBuildFile; fileRef = 57BFC90D21CD3F94007A8B9E /* Card12.xib */; };
		57BFC92C21CD3F94007A8B9E /* Card12.swift in Sources */ = {isa = PBXBuildFile; fileRef = 57BFC90E21CD3F94007A8B9E /* Card12.swift */; };
		57BFC92D21CD3F94007A8B9E /* SimpleCard.swift in Sources */ = {isa = PBXBuildFile; fileRef = 57BFC91021CD3F94007A8B9E /* SimpleCard.swift */; };
		57BFC92E21CD3F94007A8B9E /* SimpleCard.xib in Resources */ = {isa = PBXBuildFile; fileRef = 57BFC91121CD3F94007A8B9E /* SimpleCard.xib */; };
		57BFC92F21CD3F94007A8B9E /* Card13.xib in Resources */ = {isa = PBXBuildFile; fileRef = 57BFC91321CD3F94007A8B9E /* Card13.xib */; };
		57BFC93021CD3F94007A8B9E /* Card13.swift in Sources */ = {isa = PBXBuildFile; fileRef = 57BFC91421CD3F94007A8B9E /* Card13.swift */; };
		FC78E47C21BEE44D00BC5DC0 /* Button.swift in Sources */ = {isa = PBXBuildFile; fileRef = FC78E47B21BEE44D00BC5DC0 /* Button.swift */; };
		FCA247F721B6FB4900301E15 /* JeraSystem.h in Headers */ = {isa = PBXBuildFile; fileRef = FCA247F521B6FB4900301E15 /* JeraSystem.h */; settings = {ATTRIBUTES = (Public, ); }; };
		FCA2480121B7009F00301E15 /* logo-jera.png in Resources */ = {isa = PBXBuildFile; fileRef = FCA2480021B7009F00301E15 /* logo-jera.png */; };
		FCA2480D21B71D5400301E15 /* Theme.swift in Sources */ = {isa = PBXBuildFile; fileRef = FCA2480C21B71D5400301E15 /* Theme.swift */; };
		FCA2480F21B71ECA00301E15 /* Shadow.swift in Sources */ = {isa = PBXBuildFile; fileRef = FCA2480E21B71ECA00301E15 /* Shadow.swift */; };
		FCF2F41921BF0049008748F3 /* Pulse.swift in Sources */ = {isa = PBXBuildFile; fileRef = FCF2F41821BF0049008748F3 /* Pulse.swift */; };
		FCF2F41B21BFE01D008748F3 /* RaisedButton.swift in Sources */ = {isa = PBXBuildFile; fileRef = FCF2F41A21BFE01D008748F3 /* RaisedButton.swift */; };
/* End PBXBuildFile section */

/* Begin PBXFileReference section */
		5707462521BEE6CC005A925C /* Corner.swift */ = {isa = PBXFileReference; fileEncoding = 4; lastKnownFileType = sourcecode.swift; path = Corner.swift; sourceTree = "<group>"; };
		571246DE21BAA0BD00C932DA /* Font.swift */ = {isa = PBXFileReference; lastKnownFileType = sourcecode.swift; path = Font.swift; sourceTree = "<group>"; };
		571DAC6E21BE9C9F00BC8E2E /* FlatButton.swift */ = {isa = PBXFileReference; fileEncoding = 4; lastKnownFileType = sourcecode.swift; path = FlatButton.swift; sourceTree = "<group>"; };
		571DAC7121BE9C9F00BC8E2E /* DottedButton.swift */ = {isa = PBXFileReference; fileEncoding = 4; lastKnownFileType = sourcecode.swift; path = DottedButton.swift; sourceTree = "<group>"; };
		571DAC7221BE9C9F00BC8E2E /* GhostButton.swift */ = {isa = PBXFileReference; fileEncoding = 4; lastKnownFileType = sourcecode.swift; path = GhostButton.swift; sourceTree = "<group>"; };
		57BFC8ED21CD3F94007A8B9E /* CardView.swift */ = {isa = PBXFileReference; fileEncoding = 4; lastKnownFileType = sourcecode.swift; path = CardView.swift; sourceTree = "<group>"; };
		57BFC8EF21CD3F94007A8B9E /* Card7.xib */ = {isa = PBXFileReference; fileEncoding = 4; lastKnownFileType = file.xib; path = Card7.xib; sourceTree = "<group>"; };
		57BFC8F021CD3F94007A8B9E /* Card7.swift */ = {isa = PBXFileReference; fileEncoding = 4; lastKnownFileType = sourcecode.swift; path = Card7.swift; sourceTree = "<group>"; };
		57BFC8F221CD3F94007A8B9E /* Card9.xib */ = {isa = PBXFileReference; fileEncoding = 4; lastKnownFileType = file.xib; path = Card9.xib; sourceTree = "<group>"; };
		57BFC8F321CD3F94007A8B9E /* Card9.swift */ = {isa = PBXFileReference; fileEncoding = 4; lastKnownFileType = sourcecode.swift; path = Card9.swift; sourceTree = "<group>"; };
		57BFC8F521CD3F94007A8B9E /* Card8.xib */ = {isa = PBXFileReference; fileEncoding = 4; lastKnownFileType = file.xib; path = Card8.xib; sourceTree = "<group>"; };
		57BFC8F621CD3F94007A8B9E /* Card8.swift */ = {isa = PBXFileReference; fileEncoding = 4; lastKnownFileType = sourcecode.swift; path = Card8.swift; sourceTree = "<group>"; };
		57BFC8F821CD3F94007A8B9E /* Card6.swift */ = {isa = PBXFileReference; fileEncoding = 4; lastKnownFileType = sourcecode.swift; path = Card6.swift; sourceTree = "<group>"; };
		57BFC8F921CD3F94007A8B9E /* Card6.xib */ = {isa = PBXFileReference; fileEncoding = 4; lastKnownFileType = file.xib; path = Card6.xib; sourceTree = "<group>"; };
		57BFC8FB21CD3F94007A8B9E /* Card11.xib */ = {isa = PBXFileReference; fileEncoding = 4; lastKnownFileType = file.xib; path = Card11.xib; sourceTree = "<group>"; };
		57BFC8FC21CD3F94007A8B9E /* Card11.swift */ = {isa = PBXFileReference; fileEncoding = 4; lastKnownFileType = sourcecode.swift; path = Card11.swift; sourceTree = "<group>"; };
		57BFC8FE21CD3F94007A8B9E /* Card10.xib */ = {isa = PBXFileReference; fileEncoding = 4; lastKnownFileType = file.xib; path = Card10.xib; sourceTree = "<group>"; };
		57BFC8FF21CD3F94007A8B9E /* Card10.swift */ = {isa = PBXFileReference; fileEncoding = 4; lastKnownFileType = sourcecode.swift; path = Card10.swift; sourceTree = "<group>"; };
		57BFC90121CD3F94007A8B9E /* Card4.swift */ = {isa = PBXFileReference; fileEncoding = 4; lastKnownFileType = sourcecode.swift; path = Card4.swift; sourceTree = "<group>"; };
		57BFC90221CD3F94007A8B9E /* Card4.xib */ = {isa = PBXFileReference; fileEncoding = 4; lastKnownFileType = file.xib; path = Card4.xib; sourceTree = "<group>"; };
		57BFC90421CD3F94007A8B9E /* Card3.swift */ = {isa = PBXFileReference; fileEncoding = 4; lastKnownFileType = sourcecode.swift; path = Card3.swift; sourceTree = "<group>"; };
		57BFC90521CD3F94007A8B9E /* Card3.xib */ = {isa = PBXFileReference; fileEncoding = 4; lastKnownFileType = file.xib; path = Card3.xib; sourceTree = "<group>"; };
		57BFC90721CD3F94007A8B9E /* Card2.swift */ = {isa = PBXFileReference; fileEncoding = 4; lastKnownFileType = sourcecode.swift; path = Card2.swift; sourceTree = "<group>"; };
		57BFC90821CD3F94007A8B9E /* Card2.xib */ = {isa = PBXFileReference; fileEncoding = 4; lastKnownFileType = file.xib; path = Card2.xib; sourceTree = "<group>"; };
		57BFC90A21CD3F94007A8B9E /* Card5.swift */ = {isa = PBXFileReference; fileEncoding = 4; lastKnownFileType = sourcecode.swift; path = Card5.swift; sourceTree = "<group>"; };
		57BFC90B21CD3F94007A8B9E /* Card5.xib */ = {isa = PBXFileReference; fileEncoding = 4; lastKnownFileType = file.xib; path = Card5.xib; sourceTree = "<group>"; };
		57BFC90D21CD3F94007A8B9E /* Card12.xib */ = {isa = PBXFileReference; fileEncoding = 4; lastKnownFileType = file.xib; path = Card12.xib; sourceTree = "<group>"; };
		57BFC90E21CD3F94007A8B9E /* Card12.swift */ = {isa = PBXFileReference; fileEncoding = 4; lastKnownFileType = sourcecode.swift; path = Card12.swift; sourceTree = "<group>"; };
		57BFC91021CD3F94007A8B9E /* SimpleCard.swift */ = {isa = PBXFileReference; fileEncoding = 4; lastKnownFileType = sourcecode.swift; path = SimpleCard.swift; sourceTree = "<group>"; };
		57BFC91121CD3F94007A8B9E /* SimpleCard.xib */ = {isa = PBXFileReference; fileEncoding = 4; lastKnownFileType = file.xib; path = SimpleCard.xib; sourceTree = "<group>"; };
		57BFC91321CD3F94007A8B9E /* Card13.xib */ = {isa = PBXFileReference; fileEncoding = 4; lastKnownFileType = file.xib; path = Card13.xib; sourceTree = "<group>"; };
		57BFC91421CD3F94007A8B9E /* Card13.swift */ = {isa = PBXFileReference; fileEncoding = 4; lastKnownFileType = sourcecode.swift; path = Card13.swift; sourceTree = "<group>"; };
		FC78E47B21BEE44D00BC5DC0 /* Button.swift */ = {isa = PBXFileReference; lastKnownFileType = sourcecode.swift; path = Button.swift; sourceTree = "<group>"; };
		FCA247F221B6FB4900301E15 /* JeraSystem.framework */ = {isa = PBXFileReference; explicitFileType = wrapper.framework; includeInIndex = 0; path = JeraSystem.framework; sourceTree = BUILT_PRODUCTS_DIR; };
		FCA247F521B6FB4900301E15 /* JeraSystem.h */ = {isa = PBXFileReference; lastKnownFileType = sourcecode.c.h; path = JeraSystem.h; sourceTree = "<group>"; };
		FCA247F621B6FB4900301E15 /* Info.plist */ = {isa = PBXFileReference; lastKnownFileType = text.plist.xml; path = Info.plist; sourceTree = "<group>"; };
		FCA2480021B7009F00301E15 /* logo-jera.png */ = {isa = PBXFileReference; lastKnownFileType = image.png; path = "logo-jera.png"; sourceTree = "<group>"; };
		FCA2480C21B71D5400301E15 /* Theme.swift */ = {isa = PBXFileReference; lastKnownFileType = sourcecode.swift; path = Theme.swift; sourceTree = "<group>"; };
		FCA2480E21B71ECA00301E15 /* Shadow.swift */ = {isa = PBXFileReference; lastKnownFileType = sourcecode.swift; path = Shadow.swift; sourceTree = "<group>"; };
		FCF2F41821BF0049008748F3 /* Pulse.swift */ = {isa = PBXFileReference; lastKnownFileType = sourcecode.swift; path = Pulse.swift; sourceTree = "<group>"; };
		FCF2F41A21BFE01D008748F3 /* RaisedButton.swift */ = {isa = PBXFileReference; lastKnownFileType = sourcecode.swift; path = RaisedButton.swift; sourceTree = "<group>"; };
/* End PBXFileReference section */

/* Begin PBXFrameworksBuildPhase section */
		FCA247EF21B6FB4900301E15 /* Frameworks */ = {
			isa = PBXFrameworksBuildPhase;
			buildActionMask = 2147483647;
			files = (
			);
			runOnlyForDeploymentPostprocessing = 0;
		};
/* End PBXFrameworksBuildPhase section */

/* Begin PBXGroup section */
		57BFC8EB21CD3F94007A8B9E /* cards */ = {
			isa = PBXGroup;
			children = (
				57BFC8ED21CD3F94007A8B9E /* CardView.swift */,
				57BFC90F21CD3F94007A8B9E /* simpleCard */,
				57BFC90021CD3F94007A8B9E /* card4 */,
				57BFC90321CD3F94007A8B9E /* card3 */,
				57BFC90621CD3F94007A8B9E /* card2 */,
				57BFC90921CD3F94007A8B9E /* card5 */,
				57BFC8F721CD3F94007A8B9E /* card6 */,
				57BFC8EE21CD3F94007A8B9E /* card7 */,
				57BFC8F421CD3F94007A8B9E /* card8 */,
				57BFC8F121CD3F94007A8B9E /* card9 */,
				57BFC8FD21CD3F94007A8B9E /* card10 */,
				57BFC8FA21CD3F94007A8B9E /* card11 */,
				57BFC90C21CD3F94007A8B9E /* card12 */,
				57BFC91221CD3F94007A8B9E /* card13 */,
			);
			path = cards;
			sourceTree = "<group>";
		};
		57BFC8EE21CD3F94007A8B9E /* card7 */ = {
			isa = PBXGroup;
			children = (
				57BFC8EF21CD3F94007A8B9E /* Card7.xib */,
				57BFC8F021CD3F94007A8B9E /* Card7.swift */,
			);
			path = card7;
			sourceTree = "<group>";
		};
		57BFC8F121CD3F94007A8B9E /* card9 */ = {
			isa = PBXGroup;
			children = (
				57BFC8F221CD3F94007A8B9E /* Card9.xib */,
				57BFC8F321CD3F94007A8B9E /* Card9.swift */,
			);
			path = card9;
			sourceTree = "<group>";
		};
		57BFC8F421CD3F94007A8B9E /* card8 */ = {
			isa = PBXGroup;
			children = (
				57BFC8F521CD3F94007A8B9E /* Card8.xib */,
				57BFC8F621CD3F94007A8B9E /* Card8.swift */,
			);
			path = card8;
			sourceTree = "<group>";
		};
		57BFC8F721CD3F94007A8B9E /* card6 */ = {
			isa = PBXGroup;
			children = (
				57BFC8F821CD3F94007A8B9E /* Card6.swift */,
				57BFC8F921CD3F94007A8B9E /* Card6.xib */,
			);
			path = card6;
			sourceTree = "<group>";
		};
		57BFC8FA21CD3F94007A8B9E /* card11 */ = {
			isa = PBXGroup;
			children = (
				57BFC8FB21CD3F94007A8B9E /* Card11.xib */,
				57BFC8FC21CD3F94007A8B9E /* Card11.swift */,
			);
			path = card11;
			sourceTree = "<group>";
		};
		57BFC8FD21CD3F94007A8B9E /* card10 */ = {
			isa = PBXGroup;
			children = (
				57BFC8FE21CD3F94007A8B9E /* Card10.xib */,
				57BFC8FF21CD3F94007A8B9E /* Card10.swift */,
			);
			path = card10;
			sourceTree = "<group>";
		};
		57BFC90021CD3F94007A8B9E /* card4 */ = {
			isa = PBXGroup;
			children = (
				57BFC90121CD3F94007A8B9E /* Card4.swift */,
				57BFC90221CD3F94007A8B9E /* Card4.xib */,
			);
			path = card4;
			sourceTree = "<group>";
		};
		57BFC90321CD3F94007A8B9E /* card3 */ = {
			isa = PBXGroup;
			children = (
				57BFC90421CD3F94007A8B9E /* Card3.swift */,
				57BFC90521CD3F94007A8B9E /* Card3.xib */,
			);
			path = card3;
			sourceTree = "<group>";
		};
		57BFC90621CD3F94007A8B9E /* card2 */ = {
			isa = PBXGroup;
			children = (
				57BFC90721CD3F94007A8B9E /* Card2.swift */,
				57BFC90821CD3F94007A8B9E /* Card2.xib */,
			);
			path = card2;
			sourceTree = "<group>";
		};
		57BFC90921CD3F94007A8B9E /* card5 */ = {
			isa = PBXGroup;
			children = (
				57BFC90A21CD3F94007A8B9E /* Card5.swift */,
				57BFC90B21CD3F94007A8B9E /* Card5.xib */,
			);
			path = card5;
			sourceTree = "<group>";
		};
		57BFC90C21CD3F94007A8B9E /* card12 */ = {
			isa = PBXGroup;
			children = (
				57BFC90D21CD3F94007A8B9E /* Card12.xib */,
				57BFC90E21CD3F94007A8B9E /* Card12.swift */,
			);
			path = card12;
			sourceTree = "<group>";
		};
		57BFC90F21CD3F94007A8B9E /* simpleCard */ = {
			isa = PBXGroup;
			children = (
				57BFC91021CD3F94007A8B9E /* SimpleCard.swift */,
				57BFC91121CD3F94007A8B9E /* SimpleCard.xib */,
			);
			path = simpleCard;
			sourceTree = "<group>";
		};
		57BFC91221CD3F94007A8B9E /* card13 */ = {
			isa = PBXGroup;
			children = (
				57BFC91321CD3F94007A8B9E /* Card13.xib */,
				57BFC91421CD3F94007A8B9E /* Card13.swift */,
			);
			path = card13;
			sourceTree = "<group>";
		};
		FCA247E821B6FB4900301E15 = {
			isa = PBXGroup;
			children = (
				FCA247F421B6FB4900301E15 /* Sources */,
				FCA247F321B6FB4900301E15 /* Products */,
			);
			sourceTree = "<group>";
		};
		FCA247F321B6FB4900301E15 /* Products */ = {
			isa = PBXGroup;
			children = (
				FCA247F221B6FB4900301E15 /* JeraSystem.framework */,
			);
			name = Products;
			sourceTree = "<group>";
		};
		FCA247F421B6FB4900301E15 /* Sources */ = {
			isa = PBXGroup;
			children = (
				FCA247FE21B7004100301E15 /* assets */,
				FCA247FD21B6FFBC00301E15 /* classes */,
				FCA247FF21B7005400301E15 /* supporting files */,
			);
			path = Sources;
			sourceTree = "<group>";
		};
		FCA247FD21B6FFBC00301E15 /* classes */ = {
			isa = PBXGroup;
			children = (
				57BFC8EB21CD3F94007A8B9E /* cards */,
				FCA2480921B7165D00301E15 /* settings */,
				FCA2480721B7155900301E15 /* buttons */,
			);
			path = classes;
			sourceTree = "<group>";
		};
		FCA247FE21B7004100301E15 /* assets */ = {
			isa = PBXGroup;
			children = (
				FCA2480021B7009F00301E15 /* logo-jera.png */,
			);
			path = assets;
			sourceTree = "<group>";
		};
		FCA247FF21B7005400301E15 /* supporting files */ = {
			isa = PBXGroup;
			children = (
				FCA247F521B6FB4900301E15 /* JeraSystem.h */,
				FCA247F621B6FB4900301E15 /* Info.plist */,
			);
			path = "supporting files";
			sourceTree = "<group>";
		};
		FCA2480721B7155900301E15 /* buttons */ = {
			isa = PBXGroup;
			children = (
				FC78E47B21BEE44D00BC5DC0 /* Button.swift */,
				FCF2F41A21BFE01D008748F3 /* RaisedButton.swift */,
				571DAC6E21BE9C9F00BC8E2E /* FlatButton.swift */,
				571DAC7221BE9C9F00BC8E2E /* GhostButton.swift */,
				571DAC7121BE9C9F00BC8E2E /* DottedButton.swift */,
			);
			path = buttons;
			sourceTree = "<group>";
		};
		FCA2480921B7165D00301E15 /* settings */ = {
			isa = PBXGroup;
			children = (
				FCA2480C21B71D5400301E15 /* Theme.swift */,
				571246DE21BAA0BD00C932DA /* Font.swift */,
				5707462521BEE6CC005A925C /* Corner.swift */,
				FCA2480E21B71ECA00301E15 /* Shadow.swift */,
				FCF2F41821BF0049008748F3 /* Pulse.swift */,
			);
			path = settings;
			sourceTree = "<group>";
		};
/* End PBXGroup section */

/* Begin PBXHeadersBuildPhase section */
		FCA247ED21B6FB4900301E15 /* Headers */ = {
			isa = PBXHeadersBuildPhase;
			buildActionMask = 2147483647;
			files = (
				FCA247F721B6FB4900301E15 /* JeraSystem.h in Headers */,
			);
			runOnlyForDeploymentPostprocessing = 0;
		};
/* End PBXHeadersBuildPhase section */

/* Begin PBXNativeTarget section */
		FCA247F121B6FB4900301E15 /* JeraSystem */ = {
			isa = PBXNativeTarget;
			buildConfigurationList = FCA247FA21B6FB4900301E15 /* Build configuration list for PBXNativeTarget "JeraSystem" */;
			buildPhases = (
				FCA247ED21B6FB4900301E15 /* Headers */,
				FCA247EE21B6FB4900301E15 /* Sources */,
				FCA247EF21B6FB4900301E15 /* Frameworks */,
				FCA247F021B6FB4900301E15 /* Resources */,
			);
			buildRules = (
			);
			dependencies = (
			);
			name = JeraSystem;
			productName = JeraSystem;
			productReference = FCA247F221B6FB4900301E15 /* JeraSystem.framework */;
			productType = "com.apple.product-type.framework";
		};
/* End PBXNativeTarget section */

/* Begin PBXProject section */
		FCA247E921B6FB4900301E15 /* Project object */ = {
			isa = PBXProject;
			attributes = {
				LastUpgradeCheck = 1010;
				ORGANIZATIONNAME = "Vitor Mesquita";
				TargetAttributes = {
					FCA247F121B6FB4900301E15 = {
						CreatedOnToolsVersion = 10.1;
						LastSwiftMigration = 1010;
					};
				};
			};
			buildConfigurationList = FCA247EC21B6FB4900301E15 /* Build configuration list for PBXProject "JeraSystem" */;
			compatibilityVersion = "Xcode 9.3";
			developmentRegion = en;
			hasScannedForEncodings = 0;
			knownRegions = (
				en,
			);
			mainGroup = FCA247E821B6FB4900301E15;
			productRefGroup = FCA247F321B6FB4900301E15 /* Products */;
			projectDirPath = "";
			projectRoot = "";
			targets = (
				FCA247F121B6FB4900301E15 /* JeraSystem */,
			);
		};
/* End PBXProject section */

/* Begin PBXResourcesBuildPhase section */
		FCA247F021B6FB4900301E15 /* Resources */ = {
			isa = PBXResourcesBuildPhase;
			buildActionMask = 2147483647;
			files = (
				57BFC92421CD3F94007A8B9E /* Card4.xib in Resources */,
				57BFC91B21CD3F94007A8B9E /* Card8.xib in Resources */,
				57BFC91E21CD3F94007A8B9E /* Card6.xib in Resources */,
				FCA2480121B7009F00301E15 /* logo-jera.png in Resources */,
				57BFC92821CD3F94007A8B9E /* Card2.xib in Resources */,
				57BFC92121CD3F94007A8B9E /* Card10.xib in Resources */,
				57BFC92621CD3F94007A8B9E /* Card3.xib in Resources */,
				57BFC92F21CD3F94007A8B9E /* Card13.xib in Resources */,
				57BFC92A21CD3F94007A8B9E /* Card5.xib in Resources */,
				57BFC92B21CD3F94007A8B9E /* Card12.xib in Resources */,
				57BFC92E21CD3F94007A8B9E /* SimpleCard.xib in Resources */,
				57BFC91F21CD3F94007A8B9E /* Card11.xib in Resources */,
				57BFC91721CD3F94007A8B9E /* Card7.xib in Resources */,
				57BFC91921CD3F94007A8B9E /* Card9.xib in Resources */,
			);
			runOnlyForDeploymentPostprocessing = 0;
		};
/* End PBXResourcesBuildPhase section */

/* Begin PBXSourcesBuildPhase section */
		FCA247EE21B6FB4900301E15 /* Sources */ = {
			isa = PBXSourcesBuildPhase;
			buildActionMask = 2147483647;
			files = (
				FCA2480F21B71ECA00301E15 /* Shadow.swift in Sources */,
				57BFC92321CD3F94007A8B9E /* Card4.swift in Sources */,
				571DAC7721BE9C9F00BC8E2E /* GhostButton.swift in Sources */,
				57BFC92521CD3F94007A8B9E /* Card3.swift in Sources */,
				5707462621BEE6CC005A925C /* Corner.swift in Sources */,
				FCF2F41B21BFE01D008748F3 /* RaisedButton.swift in Sources */,
				571DAC7321BE9C9F00BC8E2E /* FlatButton.swift in Sources */,
				57BFC91821CD3F94007A8B9E /* Card7.swift in Sources */,
				57BFC92C21CD3F94007A8B9E /* Card12.swift in Sources */,
				57BFC91D21CD3F94007A8B9E /* Card6.swift in Sources */,
				57BFC91C21CD3F94007A8B9E /* Card8.swift in Sources */,
				57BFC92721CD3F94007A8B9E /* Card2.swift in Sources */,
				FCF2F41921BF0049008748F3 /* Pulse.swift in Sources */,
				FC78E47C21BEE44D00BC5DC0 /* Button.swift in Sources */,
				57BFC92D21CD3F94007A8B9E /* SimpleCard.swift in Sources */,
				57BFC91A21CD3F94007A8B9E /* Card9.swift in Sources */,
				57BFC92021CD3F94007A8B9E /* Card11.swift in Sources */,
				571DAC7621BE9C9F00BC8E2E /* DottedButton.swift in Sources */,
				57BFC93021CD3F94007A8B9E /* Card13.swift in Sources */,
				FCA2480D21B71D5400301E15 /* Theme.swift in Sources */,
				57BFC91621CD3F94007A8B9E /* CardView.swift in Sources */,
				57BFC92921CD3F94007A8B9E /* Card5.swift in Sources */,
				57BFC92221CD3F94007A8B9E /* Card10.swift in Sources */,
				571246DF21BAA0BD00C932DA /* Font.swift in Sources */,
			);
			runOnlyForDeploymentPostprocessing = 0;
		};
/* End PBXSourcesBuildPhase section */

/* Begin XCBuildConfiguration section */
		FCA247F821B6FB4900301E15 /* Debug */ = {
			isa = XCBuildConfiguration;
			buildSettings = {
				ALWAYS_SEARCH_USER_PATHS = NO;
				CLANG_ANALYZER_NONNULL = YES;
				CLANG_ANALYZER_NUMBER_OBJECT_CONVERSION = YES_AGGRESSIVE;
				CLANG_CXX_LANGUAGE_STANDARD = "gnu++14";
				CLANG_CXX_LIBRARY = "libc++";
				CLANG_ENABLE_MODULES = YES;
				CLANG_ENABLE_OBJC_ARC = YES;
				CLANG_ENABLE_OBJC_WEAK = YES;
				CLANG_WARN_BLOCK_CAPTURE_AUTORELEASING = YES;
				CLANG_WARN_BOOL_CONVERSION = YES;
				CLANG_WARN_COMMA = YES;
				CLANG_WARN_CONSTANT_CONVERSION = YES;
				CLANG_WARN_DEPRECATED_OBJC_IMPLEMENTATIONS = YES;
				CLANG_WARN_DIRECT_OBJC_ISA_USAGE = YES_ERROR;
				CLANG_WARN_DOCUMENTATION_COMMENTS = YES;
				CLANG_WARN_EMPTY_BODY = YES;
				CLANG_WARN_ENUM_CONVERSION = YES;
				CLANG_WARN_INFINITE_RECURSION = YES;
				CLANG_WARN_INT_CONVERSION = YES;
				CLANG_WARN_NON_LITERAL_NULL_CONVERSION = YES;
				CLANG_WARN_OBJC_IMPLICIT_RETAIN_SELF = YES;
				CLANG_WARN_OBJC_LITERAL_CONVERSION = YES;
				CLANG_WARN_OBJC_ROOT_CLASS = YES_ERROR;
				CLANG_WARN_RANGE_LOOP_ANALYSIS = YES;
				CLANG_WARN_STRICT_PROTOTYPES = YES;
				CLANG_WARN_SUSPICIOUS_MOVE = YES;
				CLANG_WARN_UNGUARDED_AVAILABILITY = YES_AGGRESSIVE;
				CLANG_WARN_UNREACHABLE_CODE = YES;
				CLANG_WARN__DUPLICATE_METHOD_MATCH = YES;
				CODE_SIGN_IDENTITY = "iPhone Developer";
				COPY_PHASE_STRIP = NO;
				CURRENT_PROJECT_VERSION = 1;
				DEBUG_INFORMATION_FORMAT = dwarf;
				ENABLE_STRICT_OBJC_MSGSEND = YES;
				ENABLE_TESTABILITY = YES;
				GCC_C_LANGUAGE_STANDARD = gnu11;
				GCC_DYNAMIC_NO_PIC = NO;
				GCC_NO_COMMON_BLOCKS = YES;
				GCC_OPTIMIZATION_LEVEL = 0;
				GCC_PREPROCESSOR_DEFINITIONS = (
					"DEBUG=1",
					"$(inherited)",
				);
				GCC_WARN_64_TO_32_BIT_CONVERSION = YES;
				GCC_WARN_ABOUT_RETURN_TYPE = YES_ERROR;
				GCC_WARN_UNDECLARED_SELECTOR = YES;
				GCC_WARN_UNINITIALIZED_AUTOS = YES_AGGRESSIVE;
				GCC_WARN_UNUSED_FUNCTION = YES;
				GCC_WARN_UNUSED_VARIABLE = YES;
				IPHONEOS_DEPLOYMENT_TARGET = 12.1;
				MTL_ENABLE_DEBUG_INFO = INCLUDE_SOURCE;
				MTL_FAST_MATH = YES;
				ONLY_ACTIVE_ARCH = YES;
				SDKROOT = iphoneos;
				SWIFT_ACTIVE_COMPILATION_CONDITIONS = DEBUG;
				SWIFT_OPTIMIZATION_LEVEL = "-Onone";
				VERSIONING_SYSTEM = "apple-generic";
				VERSION_INFO_PREFIX = "";
			};
			name = Debug;
		};
		FCA247F921B6FB4900301E15 /* Release */ = {
			isa = XCBuildConfiguration;
			buildSettings = {
				ALWAYS_SEARCH_USER_PATHS = NO;
				CLANG_ANALYZER_NONNULL = YES;
				CLANG_ANALYZER_NUMBER_OBJECT_CONVERSION = YES_AGGRESSIVE;
				CLANG_CXX_LANGUAGE_STANDARD = "gnu++14";
				CLANG_CXX_LIBRARY = "libc++";
				CLANG_ENABLE_MODULES = YES;
				CLANG_ENABLE_OBJC_ARC = YES;
				CLANG_ENABLE_OBJC_WEAK = YES;
				CLANG_WARN_BLOCK_CAPTURE_AUTORELEASING = YES;
				CLANG_WARN_BOOL_CONVERSION = YES;
				CLANG_WARN_COMMA = YES;
				CLANG_WARN_CONSTANT_CONVERSION = YES;
				CLANG_WARN_DEPRECATED_OBJC_IMPLEMENTATIONS = YES;
				CLANG_WARN_DIRECT_OBJC_ISA_USAGE = YES_ERROR;
				CLANG_WARN_DOCUMENTATION_COMMENTS = YES;
				CLANG_WARN_EMPTY_BODY = YES;
				CLANG_WARN_ENUM_CONVERSION = YES;
				CLANG_WARN_INFINITE_RECURSION = YES;
				CLANG_WARN_INT_CONVERSION = YES;
				CLANG_WARN_NON_LITERAL_NULL_CONVERSION = YES;
				CLANG_WARN_OBJC_IMPLICIT_RETAIN_SELF = YES;
				CLANG_WARN_OBJC_LITERAL_CONVERSION = YES;
				CLANG_WARN_OBJC_ROOT_CLASS = YES_ERROR;
				CLANG_WARN_RANGE_LOOP_ANALYSIS = YES;
				CLANG_WARN_STRICT_PROTOTYPES = YES;
				CLANG_WARN_SUSPICIOUS_MOVE = YES;
				CLANG_WARN_UNGUARDED_AVAILABILITY = YES_AGGRESSIVE;
				CLANG_WARN_UNREACHABLE_CODE = YES;
				CLANG_WARN__DUPLICATE_METHOD_MATCH = YES;
				CODE_SIGN_IDENTITY = "iPhone Developer";
				COPY_PHASE_STRIP = NO;
				CURRENT_PROJECT_VERSION = 1;
				DEBUG_INFORMATION_FORMAT = "dwarf-with-dsym";
				ENABLE_NS_ASSERTIONS = NO;
				ENABLE_STRICT_OBJC_MSGSEND = YES;
				GCC_C_LANGUAGE_STANDARD = gnu11;
				GCC_NO_COMMON_BLOCKS = YES;
				GCC_WARN_64_TO_32_BIT_CONVERSION = YES;
				GCC_WARN_ABOUT_RETURN_TYPE = YES_ERROR;
				GCC_WARN_UNDECLARED_SELECTOR = YES;
				GCC_WARN_UNINITIALIZED_AUTOS = YES_AGGRESSIVE;
				GCC_WARN_UNUSED_FUNCTION = YES;
				GCC_WARN_UNUSED_VARIABLE = YES;
				IPHONEOS_DEPLOYMENT_TARGET = 12.1;
				MTL_ENABLE_DEBUG_INFO = NO;
				MTL_FAST_MATH = YES;
				SDKROOT = iphoneos;
				SWIFT_COMPILATION_MODE = wholemodule;
				SWIFT_OPTIMIZATION_LEVEL = "-O";
				VALIDATE_PRODUCT = YES;
				VERSIONING_SYSTEM = "apple-generic";
				VERSION_INFO_PREFIX = "";
			};
			name = Release;
		};
		FCA247FB21B6FB4900301E15 /* Debug */ = {
			isa = XCBuildConfiguration;
			buildSettings = {
				CLANG_ENABLE_MODULES = YES;
				CODE_SIGN_IDENTITY = "";
				CODE_SIGN_STYLE = Automatic;
				DEFINES_MODULE = YES;
				DYLIB_COMPATIBILITY_VERSION = 1;
				DYLIB_CURRENT_VERSION = 1;
				DYLIB_INSTALL_NAME_BASE = "@rpath";
				INFOPLIST_FILE = "$(SRCROOT)/Sources/supporting files/Info.plist";
				INSTALL_PATH = "$(LOCAL_LIBRARY_DIR)/Frameworks";
				LD_RUNPATH_SEARCH_PATHS = (
					"$(inherited)",
					"@executable_path/Frameworks",
					"@loader_path/Frameworks",
				);
				PRODUCT_BUNDLE_IDENTIFIER = vitormesquita.JeraSystem;
				PRODUCT_NAME = "$(TARGET_NAME:c99extidentifier)";
				SKIP_INSTALL = YES;
				SWIFT_OPTIMIZATION_LEVEL = "-Onone";
				SWIFT_VERSION = 4.2;
				TARGETED_DEVICE_FAMILY = "1,2";
			};
			name = Debug;
		};
		FCA247FC21B6FB4900301E15 /* Release */ = {
			isa = XCBuildConfiguration;
			buildSettings = {
				CLANG_ENABLE_MODULES = YES;
				CODE_SIGN_IDENTITY = "";
				CODE_SIGN_STYLE = Automatic;
				DEFINES_MODULE = YES;
				DYLIB_COMPATIBILITY_VERSION = 1;
				DYLIB_CURRENT_VERSION = 1;
				DYLIB_INSTALL_NAME_BASE = "@rpath";
				INFOPLIST_FILE = "$(SRCROOT)/Sources/supporting files/Info.plist";
				INSTALL_PATH = "$(LOCAL_LIBRARY_DIR)/Frameworks";
				LD_RUNPATH_SEARCH_PATHS = (
					"$(inherited)",
					"@executable_path/Frameworks",
					"@loader_path/Frameworks",
				);
				PRODUCT_BUNDLE_IDENTIFIER = vitormesquita.JeraSystem;
				PRODUCT_NAME = "$(TARGET_NAME:c99extidentifier)";
				SKIP_INSTALL = YES;
				SWIFT_VERSION = 4.2;
				TARGETED_DEVICE_FAMILY = "1,2";
			};
			name = Release;
		};
/* End XCBuildConfiguration section */

/* Begin XCConfigurationList section */
		FCA247EC21B6FB4900301E15 /* Build configuration list for PBXProject "JeraSystem" */ = {
			isa = XCConfigurationList;
			buildConfigurations = (
				FCA247F821B6FB4900301E15 /* Debug */,
				FCA247F921B6FB4900301E15 /* Release */,
			);
			defaultConfigurationIsVisible = 0;
			defaultConfigurationName = Release;
		};
		FCA247FA21B6FB4900301E15 /* Build configuration list for PBXNativeTarget "JeraSystem" */ = {
			isa = XCConfigurationList;
			buildConfigurations = (
				FCA247FB21B6FB4900301E15 /* Debug */,
				FCA247FC21B6FB4900301E15 /* Release */,
			);
			defaultConfigurationIsVisible = 0;
			defaultConfigurationName = Release;
		};
/* End XCConfigurationList section */
	};
	rootObject = FCA247E921B6FB4900301E15 /* Project object */;
}
